
Microsoft Visual Studio Solution File, Format Version 12.00
# Visual Studio Version 17
VisualStudioVersion = 17.6.33815.320
MinimumVisualStudioVersion = 10.0.40219.1
Project("{FAE04EC0-301F-11D3-BF4B-00C04F79EFBC}") = "Sudoku Table", "Sudoku Table\Sudoku Table.csproj", "{2C1B7CFD-4DCD-4DD9-AE75-357EE5B9F581}"
EndProject
Global
	GlobalSection(SolutionConfigurationPlatforms) = preSolution
		Debug|Any CPU = Debug|Any CPU
		Release|Any CPU = Release|Any CPU
	EndGlobalSection
	GlobalSection(ProjectConfigurationPlatforms) = postSolution
		{2C1B7CFD-4DCD-4DD9-AE75-357EE5B9F581}.Debug|Any CPU.ActiveCfg = Debug|Any CPU
		{2C1B7CFD-4DCD-4DD9-AE75-357EE5B9F581}.Debug|Any CPU.Build.0 = Debug|Any CPU
		{2C1B7CFD-4DCD-4DD9-AE75-357EE5B9F581}.Release|Any CPU.ActiveCfg = Release|Any CPU
		{2C1B7CFD-4DCD-4DD9-AE75-357EE5B9F581}.Release|Any CPU.Build.0 = Release|Any CPU
	EndGlobalSection
	GlobalSection(SolutionProperties) = preSolution
		HideSolutionNode = FALSE
	EndGlobalSection
	GlobalSection(ExtensibilityGlobals) = postSolution
		SolutionGuid = {F2C86692-1D47-4F57-A0E5-278B702797E5}
	EndGlobalSection
EndGlobal
