
Microsoft Visual Studio Solution File, Format Version 12.00
# Visual Studio Version 17
VisualStudioVersion = 17.6.33723.286
MinimumVisualStudioVersion = 10.0.40219.1
Project("{FAE04EC0-301F-11D3-BF4B-00C04F79EFBC}") = "Miane1bodi", "Miane1bodi\Miane1bodi.csproj", "{1F61C694-A05F-45FE-96A2-B557EFEB111B}"
EndProject
Global
	GlobalSection(SolutionConfigurationPlatforms) = preSolution
		Debug|Any CPU = Debug|Any CPU
		Release|Any CPU = Release|Any CPU
	EndGlobalSection
	GlobalSection(ProjectConfigurationPlatforms) = postSolution
		{1F61C694-A05F-45FE-96A2-B557EFEB111B}.Debug|Any CPU.ActiveCfg = Debug|Any CPU
		{1F61C694-A05F-45FE-96A2-B557EFEB111B}.Debug|Any CPU.Build.0 = Debug|Any CPU
		{1F61C694-A05F-45FE-96A2-B557EFEB111B}.Release|Any CPU.ActiveCfg = Release|Any CPU
		{1F61C694-A05F-45FE-96A2-B557EFEB111B}.Release|Any CPU.Build.0 = Release|Any CPU
	EndGlobalSection
	GlobalSection(SolutionProperties) = preSolution
		HideSolutionNode = FALSE
	EndGlobalSection
	GlobalSection(ExtensibilityGlobals) = postSolution
		SolutionGuid = {4F99525E-9517-4AE1-8F4F-BCD7DE3C70E2}
	EndGlobalSection
EndGlobal
