
Microsoft Visual Studio Solution File, Format Version 12.00
# Visual Studio Version 17
VisualStudioVersion = 17.6.33815.320
MinimumVisualStudioVersion = 10.0.40219.1
Project("{FAE04EC0-301F-11D3-BF4B-00C04F79EFBC}") = "Sudoku", "Sudoku\Sudoku.csproj", "{783659A4-8B3B-41B4-B26C-624CC7969217}"
EndProject
Global
	GlobalSection(SolutionConfigurationPlatforms) = preSolution
		Debug|Any CPU = Debug|Any CPU
		Release|Any CPU = Release|Any CPU
	EndGlobalSection
	GlobalSection(ProjectConfigurationPlatforms) = postSolution
		{783659A4-8B3B-41B4-B26C-624CC7969217}.Debug|Any CPU.ActiveCfg = Debug|Any CPU
		{783659A4-8B3B-41B4-B26C-624CC7969217}.Debug|Any CPU.Build.0 = Debug|Any CPU
		{783659A4-8B3B-41B4-B26C-624CC7969217}.Release|Any CPU.ActiveCfg = Release|Any CPU
		{783659A4-8B3B-41B4-B26C-624CC7969217}.Release|Any CPU.Build.0 = Release|Any CPU
	EndGlobalSection
	GlobalSection(SolutionProperties) = preSolution
		HideSolutionNode = FALSE
	EndGlobalSection
	GlobalSection(ExtensibilityGlobals) = postSolution
		SolutionGuid = {96BC2EFC-417A-47F5-AFF0-899626DA19AA}
	EndGlobalSection
EndGlobal
