
Microsoft Visual Studio Solution File, Format Version 12.00
# Visual Studio Version 17
VisualStudioVersion = 17.6.33723.286
MinimumVisualStudioVersion = 10.0.40219.1
Project("{FAE04EC0-301F-11D3-BF4B-00C04F79EFBC}") = "HajmeMokaab", "HajmeMokaab\HajmeMokaab.csproj", "{131C0B38-17F0-4F39-B93C-A282B1F3132E}"
EndProject
Global
	GlobalSection(SolutionConfigurationPlatforms) = preSolution
		Debug|Any CPU = Debug|Any CPU
		Release|Any CPU = Release|Any CPU
	EndGlobalSection
	GlobalSection(ProjectConfigurationPlatforms) = postSolution
		{131C0B38-17F0-4F39-B93C-A282B1F3132E}.Debug|Any CPU.ActiveCfg = Debug|Any CPU
		{131C0B38-17F0-4F39-B93C-A282B1F3132E}.Debug|Any CPU.Build.0 = Debug|Any CPU
		{131C0B38-17F0-4F39-B93C-A282B1F3132E}.Release|Any CPU.ActiveCfg = Release|Any CPU
		{131C0B38-17F0-4F39-B93C-A282B1F3132E}.Release|Any CPU.Build.0 = Release|Any CPU
	EndGlobalSection
	GlobalSection(SolutionProperties) = preSolution
		HideSolutionNode = FALSE
	EndGlobalSection
	GlobalSection(ExtensibilityGlobals) = postSolution
		SolutionGuid = {ADB0B389-9692-4376-9B86-D0EC85949AD8}
	EndGlobalSection
EndGlobal
