
Microsoft Visual Studio Solution File, Format Version 12.00
# Visual Studio Version 17
VisualStudioVersion = 17.6.33723.286
MinimumVisualStudioVersion = 10.0.40219.1
Project("{FAE04EC0-301F-11D3-BF4B-00C04F79EFBC}") = "SortArrey10To10", "SortArrey10To10\SortArrey10To10.csproj", "{D40898DD-0584-47C4-A3A8-19598A8B4061}"
EndProject
Global
	GlobalSection(SolutionConfigurationPlatforms) = preSolution
		Debug|Any CPU = Debug|Any CPU
		Release|Any CPU = Release|Any CPU
	EndGlobalSection
	GlobalSection(ProjectConfigurationPlatforms) = postSolution
		{D40898DD-0584-47C4-A3A8-19598A8B4061}.Debug|Any CPU.ActiveCfg = Debug|Any CPU
		{D40898DD-0584-47C4-A3A8-19598A8B4061}.Debug|Any CPU.Build.0 = Debug|Any CPU
		{D40898DD-0584-47C4-A3A8-19598A8B4061}.Release|Any CPU.ActiveCfg = Release|Any CPU
		{D40898DD-0584-47C4-A3A8-19598A8B4061}.Release|Any CPU.Build.0 = Release|Any CPU
	EndGlobalSection
	GlobalSection(SolutionProperties) = preSolution
		HideSolutionNode = FALSE
	EndGlobalSection
	GlobalSection(ExtensibilityGlobals) = postSolution
		SolutionGuid = {48F205B8-A06D-4DE9-BC99-98EE2E613A39}
	EndGlobalSection
EndGlobal
